{
  "name": "datecounter",
  "lockfileVersion": 2,
  "requires": true,
  "packages": {
    "": {
      "dependencies": {
        "js-joda": "^1.11.0"
      }
    },
    "node_modules/js-joda": {
      "version": "1.11.0",
      "resolved": "https://registry.npmjs.org/js-joda/-/js-joda-1.11.0.tgz",
      "integrity": "sha512-/HJpRhwP2fPyuSsCaZuoVJuaSIt8tUXykV4wOMRXrFk7RP9h9VWaFdS9YHKdMepxb/3TdXpL6IhfC9L0sqYVBw==",
      "deprecated": "This package is deprecated, please check/use @js-joda/core instead"
    }
  },
  "dependencies": {
    "js-joda": {
      "version": "1.11.0",
      "resolved": "https://registry.npmjs.org/js-joda/-/js-joda-1.11.0.tgz",
      "integrity": "sha512-/HJpRhwP2fPyuSsCaZuoVJuaSIt8tUXykV4wOMRXrFk7RP9h9VWaFdS9YHKdMepxb/3TdXpL6IhfC9L0sqYVBw=="
    }
  }
}
